# This file is automatically generated.
# It is not intended for manual editing.
version = 1

[[packages]]
name = "wasi:blobstore"
registry = "wasi.dev"

[[packages.versions]]
requirement = "=0.2.0-draft"
version = "0.2.0-draft"
digest = "sha256:de369d910c03300962eff97e9cb16d344c064da16e4a3d0c9b12b5c0d7ab8781"

[[packages]]
name = "wasi:http"
registry = "wasi.dev"

[[packages.versions]]
requirement = "=0.2.0"
version = "0.2.0"
digest = "sha256:5a568e6e2d60c1ce51220e1833cdd5b88db9f615720edc762a9b4a6f36b383bd"

[[packages]]
name = "wasi:sockets"
registry = "wasi.dev"

[[packages.versions]]
requirement = "=0.2.0"
version = "0.2.0"
digest = "sha256:68640584237d98077cec4631264ff28ed74fe04619ce5dcd8020383df5c3969f"
