# This file is automatically generated.
# It is not intended for manual editing.
version = 1

[[packages]]
name = "wasi:http"
registry = "wasi.dev"

[[packages.versions]]
requirement = "=0.3.0-rc-2026-03-15"
version = "0.3.0-rc-2026-03-15"
digest = "sha256:ed996ba07af24b216deb3d59bf56362f443d8bcfd1b07d1bfd80c49cb37df399"
